
Microsoft Visual Studio Solution File, Format Version 12.00
# Visual Studio 15
VisualStudioVersion = 15.0.27703.2035
MinimumVisualStudioVersion = 10.0.40219.1
Project("{FAE04EC0-301F-11D3-BF4B-00C04F79EFBC}") = "XF.Hello.Android", "XF.Hello\XF.Hello.Android\XF.Hello.Android.csproj", "{2F70FFED-3AEA-44E7-BDAC-D40B500A581D}"
EndProject
Project("{FAE04EC0-301F-11D3-BF4B-00C04F79EFBC}") = "XF.Hello.iOS", "XF.Hello\XF.Hello.iOS\XF.Hello.iOS.csproj", "{9712BBC6-A746-472D-878C-0A695B2CDDA0}"
EndProject
Project("{FAE04EC0-301F-11D3-BF4B-00C04F79EFBC}") = "XF.Hello", "XF.Hello\XF.Hello\XF.Hello.csproj", "{0C9E2B8C-2D3D-4799-B3F7-2D938D26766E}"
EndProject
Global
	GlobalSection(SolutionConfigurationPlatforms) = preSolution
		Ad-Hoc|Any CPU = Ad-Hoc|Any CPU
		Ad-Hoc|iPhone = Ad-Hoc|iPhone
		Ad-Hoc|iPhoneSimulator = Ad-Hoc|iPhoneSimulator
		AppStore|Any CPU = AppStore|Any CPU
		AppStore|iPhone = AppStore|iPhone
		AppStore|iPhoneSimulator = AppStore|iPhoneSimulator
		Debug|Any CPU = Debug|Any CPU
		Debug|iPhone = Debug|iPhone
		Debug|iPhoneSimulator = Debug|iPhoneSimulator
		Release|Any CPU = Release|Any CPU
		Release|iPhone = Release|iPhone
		Release|iPhoneSimulator = Release|iPhoneSimulator
	EndGlobalSection
	GlobalSection(ProjectConfigurationPlatforms) = postSolution
		{2F70FFED-3AEA-44E7-BDAC-D40B500A581D}.Ad-Hoc|Any CPU.ActiveCfg = Release|Any CPU
		{2F70FFED-3AEA-44E7-BDAC-D40B500A581D}.Ad-Hoc|Any CPU.Build.0 = Release|Any CPU
		{2F70FFED-3AEA-44E7-BDAC-D40B500A581D}.Ad-Hoc|Any CPU.Deploy.0 = Release|Any CPU
		{2F70FFED-3AEA-44E7-BDAC-D40B500A581D}.Ad-Hoc|iPhone.ActiveCfg = Release|Any CPU
		{2F70FFED-3AEA-44E7-BDAC-D40B500A581D}.Ad-Hoc|iPhone.Build.0 = Release|Any CPU
		{2F70FFED-3AEA-44E7-BDAC-D40B500A581D}.Ad-Hoc|iPhone.Deploy.0 = Release|Any CPU
		{2F70FFED-3AEA-44E7-BDAC-D40B500A581D}.Ad-Hoc|iPhoneSimulator.ActiveCfg = Release|Any CPU
		{2F70FFED-3AEA-44E7-BDAC-D40B500A581D}.Ad-Hoc|iPhoneSimulator.Build.0 = Release|Any CPU
		{2F70FFED-3AEA-44E7-BDAC-D40B500A581D}.Ad-Hoc|iPhoneSimulator.Deploy.0 = Release|Any CPU
		{2F70FFED-3AEA-44E7-BDAC-D40B500A581D}.AppStore|Any CPU.ActiveCfg = Release|Any CPU
		{2F70FFED-3AEA-44E7-BDAC-D40B500A581D}.AppStore|Any CPU.Build.0 = Release|Any CPU
		{2F70FFED-3AEA-44E7-BDAC-D40B500A581D}.AppStore|Any CPU.Deploy.0 = Release|Any CPU
		{2F70FFED-3AEA-44E7-BDAC-D40B500A581D}.AppStore|iPhone.ActiveCfg = Release|Any CPU
		{2F70FFED-3AEA-44E7-BDAC-D40B500A581D}.AppStore|iPhone.Build.0 = Release|Any CPU
		{2F70FFED-3AEA-44E7-BDAC-D40B500A581D}.AppStore|iPhone.Deploy.0 = Release|Any CPU
		{2F70FFED-3AEA-44E7-BDAC-D40B500A581D}.AppStore|iPhoneSimulator.ActiveCfg = Release|Any CPU
		{2F70FFED-3AEA-44E7-BDAC-D40B500A581D}.AppStore|iPhoneSimulator.Build.0 = Release|Any CPU
		{2F70FFED-3AEA-44E7-BDAC-D40B500A581D}.AppStore|iPhoneSimulator.Deploy.0 = Release|Any CPU
		{2F70FFED-3AEA-44E7-BDAC-D40B500A581D}.Debug|Any CPU.ActiveCfg = Debug|Any CPU
		{2F70FFED-3AEA-44E7-BDAC-D40B500A581D}.Debug|Any CPU.Build.0 = Debug|Any CPU
		{2F70FFED-3AEA-44E7-BDAC-D40B500A581D}.Debug|Any CPU.Deploy.0 = Debug|Any CPU
		{2F70FFED-3AEA-44E7-BDAC-D40B500A581D}.Debug|iPhone.ActiveCfg = Debug|Any CPU
		{2F70FFED-3AEA-44E7-BDAC-D40B500A581D}.Debug|iPhone.Build.0 = Debug|Any CPU
		{2F70FFED-3AEA-44E7-BDAC-D40B500A581D}.Debug|iPhone.Deploy.0 = Debug|Any CPU
		{2F70FFED-3AEA-44E7-BDAC-D40B500A581D}.Debug|iPhoneSimulator.ActiveCfg = Debug|Any CPU
		{2F70FFED-3AEA-44E7-BDAC-D40B500A581D}.Debug|iPhoneSimulator.Build.0 = Debug|Any CPU
		{2F70FFED-3AEA-44E7-BDAC-D40B500A581D}.Debug|iPhoneSimulator.Deploy.0 = Debug|Any CPU
		{2F70FFED-3AEA-44E7-BDAC-D40B500A581D}.Release|Any CPU.ActiveCfg = Release|Any CPU
		{2F70FFED-3AEA-44E7-BDAC-D40B500A581D}.Release|Any CPU.Build.0 = Release|Any CPU
		{2F70FFED-3AEA-44E7-BDAC-D40B500A581D}.Release|Any CPU.Deploy.0 = Release|Any CPU
		{2F70FFED-3AEA-44E7-BDAC-D40B500A581D}.Release|iPhone.ActiveCfg = Release|Any CPU
		{2F70FFED-3AEA-44E7-BDAC-D40B500A581D}.Release|iPhone.Build.0 = Release|Any CPU
		{2F70FFED-3AEA-44E7-BDAC-D40B500A581D}.Release|iPhone.Deploy.0 = Release|Any CPU
		{2F70FFED-3AEA-44E7-BDAC-D40B500A581D}.Release|iPhoneSimulator.ActiveCfg = Release|Any CPU
		{2F70FFED-3AEA-44E7-BDAC-D40B500A581D}.Release|iPhoneSimulator.Build.0 = Release|Any CPU
		{2F70FFED-3AEA-44E7-BDAC-D40B500A581D}.Release|iPhoneSimulator.Deploy.0 = Release|Any CPU
		{9712BBC6-A746-472D-878C-0A695B2CDDA0}.Ad-Hoc|Any CPU.ActiveCfg = Ad-Hoc|iPhone
		{9712BBC6-A746-472D-878C-0A695B2CDDA0}.Ad-Hoc|Any CPU.Build.0 = Ad-Hoc|iPhone
		{9712BBC6-A746-472D-878C-0A695B2CDDA0}.Ad-Hoc|Any CPU.Deploy.0 = Ad-Hoc|iPhone
		{9712BBC6-A746-472D-878C-0A695B2CDDA0}.Ad-Hoc|iPhone.ActiveCfg = Ad-Hoc|iPhone
		{9712BBC6-A746-472D-878C-0A695B2CDDA0}.Ad-Hoc|iPhone.Build.0 = Ad-Hoc|iPhone
		{9712BBC6-A746-472D-878C-0A695B2CDDA0}.Ad-Hoc|iPhone.Deploy.0 = Ad-Hoc|iPhone
		{9712BBC6-A746-472D-878C-0A695B2CDDA0}.Ad-Hoc|iPhoneSimulator.ActiveCfg = Ad-Hoc|iPhoneSimulator
		{9712BBC6-A746-472D-878C-0A695B2CDDA0}.Ad-Hoc|iPhoneSimulator.Build.0 = Ad-Hoc|iPhoneSimulator
		{9712BBC6-A746-472D-878C-0A695B2CDDA0}.Ad-Hoc|iPhoneSimulator.Deploy.0 = Ad-Hoc|iPhoneSimulator
		{9712BBC6-A746-472D-878C-0A695B2CDDA0}.AppStore|Any CPU.ActiveCfg = AppStore|iPhone
		{9712BBC6-A746-472D-878C-0A695B2CDDA0}.AppStore|Any CPU.Build.0 = AppStore|iPhone
		{9712BBC6-A746-472D-878C-0A695B2CDDA0}.AppStore|Any CPU.Deploy.0 = AppStore|iPhone
		{9712BBC6-A746-472D-878C-0A695B2CDDA0}.AppStore|iPhone.ActiveCfg = AppStore|iPhone
		{9712BBC6-A746-472D-878C-0A695B2CDDA0}.AppStore|iPhone.Build.0 = AppStore|iPhone
		{9712BBC6-A746-472D-878C-0A695B2CDDA0}.AppStore|iPhone.Deploy.0 = AppStore|iPhone
		{9712BBC6-A746-472D-878C-0A695B2CDDA0}.AppStore|iPhoneSimulator.ActiveCfg = AppStore|iPhoneSimulator
		{9712BBC6-A746-472D-878C-0A695B2CDDA0}.AppStore|iPhoneSimulator.Build.0 = AppStore|iPhoneSimulator
		{9712BBC6-A746-472D-878C-0A695B2CDDA0}.AppStore|iPhoneSimulator.Deploy.0 = AppStore|iPhoneSimulator
		{9712BBC6-A746-472D-878C-0A695B2CDDA0}.Debug|Any CPU.ActiveCfg = Debug|iPhoneSimulator
		{9712BBC6-A746-472D-878C-0A695B2CDDA0}.Debug|Any CPU.Build.0 = Debug|iPhoneSimulator
		{9712BBC6-A746-472D-878C-0A695B2CDDA0}.Debug|Any CPU.Deploy.0 = Debug|iPhoneSimulator
		{9712BBC6-A746-472D-878C-0A695B2CDDA0}.Debug|iPhone.ActiveCfg = Debug|iPhone
		{9712BBC6-A746-472D-878C-0A695B2CDDA0}.Debug|iPhone.Build.0 = Debug|iPhone
		{9712BBC6-A746-472D-878C-0A695B2CDDA0}.Debug|iPhone.Deploy.0 = Debug|iPhone
		{9712BBC6-A746-472D-878C-0A695B2CDDA0}.Debug|iPhoneSimulator.ActiveCfg = Debug|iPhoneSimulator
		{9712BBC6-A746-472D-878C-0A695B2CDDA0}.Debug|iPhoneSimulator.Build.0 = Debug|iPhoneSimulator
		{9712BBC6-A746-472D-878C-0A695B2CDDA0}.Debug|iPhoneSimulator.Deploy.0 = Debug|iPhoneSimulator
		{9712BBC6-A746-472D-878C-0A695B2CDDA0}.Release|Any CPU.ActiveCfg = Release|iPhone
		{9712BBC6-A746-472D-878C-0A695B2CDDA0}.Release|Any CPU.Build.0 = Release|iPhone
		{9712BBC6-A746-472D-878C-0A695B2CDDA0}.Release|Any CPU.Deploy.0 = Release|iPhone
		{9712BBC6-A746-472D-878C-0A695B2CDDA0}.Release|iPhone.ActiveCfg = Release|iPhone
		{9712BBC6-A746-472D-878C-0A695B2CDDA0}.Release|iPhone.Build.0 = Release|iPhone
		{9712BBC6-A746-472D-878C-0A695B2CDDA0}.Release|iPhone.Deploy.0 = Release|iPhone
		{9712BBC6-A746-472D-878C-0A695B2CDDA0}.Release|iPhoneSimulator.ActiveCfg = Release|iPhoneSimulator
		{9712BBC6-A746-472D-878C-0A695B2CDDA0}.Release|iPhoneSimulator.Build.0 = Release|iPhoneSimulator
		{9712BBC6-A746-472D-878C-0A695B2CDDA0}.Release|iPhoneSimulator.Deploy.0 = Release|iPhoneSimulator
		{0C9E2B8C-2D3D-4799-B3F7-2D938D26766E}.Ad-Hoc|Any CPU.ActiveCfg = Debug|Any CPU
		{0C9E2B8C-2D3D-4799-B3F7-2D938D26766E}.Ad-Hoc|Any CPU.Build.0 = Debug|Any CPU
		{0C9E2B8C-2D3D-4799-B3F7-2D938D26766E}.Ad-Hoc|Any CPU.Deploy.0 = Debug|Any CPU
		{0C9E2B8C-2D3D-4799-B3F7-2D938D26766E}.Ad-Hoc|iPhone.ActiveCfg = Debug|Any CPU
		{0C9E2B8C-2D3D-4799-B3F7-2D938D26766E}.Ad-Hoc|iPhone.Build.0 = Debug|Any CPU
		{0C9E2B8C-2D3D-4799-B3F7-2D938D26766E}.Ad-Hoc|iPhone.Deploy.0 = Debug|Any CPU
		{0C9E2B8C-2D3D-4799-B3F7-2D938D26766E}.Ad-Hoc|iPhoneSimulator.ActiveCfg = Debug|Any CPU
		{0C9E2B8C-2D3D-4799-B3F7-2D938D26766E}.Ad-Hoc|iPhoneSimulator.Build.0 = Debug|Any CPU
		{0C9E2B8C-2D3D-4799-B3F7-2D938D26766E}.Ad-Hoc|iPhoneSimulator.Deploy.0 = Debug|Any CPU
		{0C9E2B8C-2D3D-4799-B3F7-2D938D26766E}.AppStore|Any CPU.ActiveCfg = Debug|Any CPU
		{0C9E2B8C-2D3D-4799-B3F7-2D938D26766E}.AppStore|Any CPU.Build.0 = Debug|Any CPU
		{0C9E2B8C-2D3D-4799-B3F7-2D938D26766E}.AppStore|Any CPU.Deploy.0 = Debug|Any CPU
		{0C9E2B8C-2D3D-4799-B3F7-2D938D26766E}.AppStore|iPhone.ActiveCfg = Debug|Any CPU
		{0C9E2B8C-2D3D-4799-B3F7-2D938D26766E}.AppStore|iPhone.Build.0 = Debug|Any CPU
		{0C9E2B8C-2D3D-4799-B3F7-2D938D26766E}.AppStore|iPhone.Deploy.0 = Debug|Any CPU
		{0C9E2B8C-2D3D-4799-B3F7-2D938D26766E}.AppStore|iPhoneSimulator.ActiveCfg = Debug|Any CPU
		{0C9E2B8C-2D3D-4799-B3F7-2D938D26766E}.AppStore|iPhoneSimulator.Build.0 = Debug|Any CPU
		{0C9E2B8C-2D3D-4799-B3F7-2D938D26766E}.AppStore|iPhoneSimulator.Deploy.0 = Debug|Any CPU
		{0C9E2B8C-2D3D-4799-B3F7-2D938D26766E}.Debug|Any CPU.ActiveCfg = Debug|Any CPU
		{0C9E2B8C-2D3D-4799-B3F7-2D938D26766E}.Debug|Any CPU.Build.0 = Debug|Any CPU
		{0C9E2B8C-2D3D-4799-B3F7-2D938D26766E}.Debug|Any CPU.Deploy.0 = Debug|Any CPU
		{0C9E2B8C-2D3D-4799-B3F7-2D938D26766E}.Debug|iPhone.ActiveCfg = Debug|Any CPU
		{0C9E2B8C-2D3D-4799-B3F7-2D938D26766E}.Debug|iPhone.Build.0 = Debug|Any CPU
		{0C9E2B8C-2D3D-4799-B3F7-2D938D26766E}.Debug|iPhone.Deploy.0 = Debug|Any CPU
		{0C9E2B8C-2D3D-4799-B3F7-2D938D26766E}.Debug|iPhoneSimulator.ActiveCfg = Debug|Any CPU
		{0C9E2B8C-2D3D-4799-B3F7-2D938D26766E}.Debug|iPhoneSimulator.Build.0 = Debug|Any CPU
		{0C9E2B8C-2D3D-4799-B3F7-2D938D26766E}.Debug|iPhoneSimulator.Deploy.0 = Debug|Any CPU
		{0C9E2B8C-2D3D-4799-B3F7-2D938D26766E}.Release|Any CPU.ActiveCfg = Release|Any CPU
		{0C9E2B8C-2D3D-4799-B3F7-2D938D26766E}.Release|Any CPU.Build.0 = Release|Any CPU
		{0C9E2B8C-2D3D-4799-B3F7-2D938D26766E}.Release|Any CPU.Deploy.0 = Release|Any CPU
		{0C9E2B8C-2D3D-4799-B3F7-2D938D26766E}.Release|iPhone.ActiveCfg = Release|Any CPU
		{0C9E2B8C-2D3D-4799-B3F7-2D938D26766E}.Release|iPhone.Build.0 = Release|Any CPU
		{0C9E2B8C-2D3D-4799-B3F7-2D938D26766E}.Release|iPhone.Deploy.0 = Release|Any CPU
		{0C9E2B8C-2D3D-4799-B3F7-2D938D26766E}.Release|iPhoneSimulator.ActiveCfg = Release|Any CPU
		{0C9E2B8C-2D3D-4799-B3F7-2D938D26766E}.Release|iPhoneSimulator.Build.0 = Release|Any CPU
		{0C9E2B8C-2D3D-4799-B3F7-2D938D26766E}.Release|iPhoneSimulator.Deploy.0 = Release|Any CPU
	EndGlobalSection
	GlobalSection(SolutionProperties) = preSolution
		HideSolutionNode = FALSE
	EndGlobalSection
	GlobalSection(ExtensibilityGlobals) = postSolution
		SolutionGuid = {968A0976-1AA1-42C3-A126-123CB2A2993D}
	EndGlobalSection
EndGlobal
